// !$*UTF8*$!
{
	archiveVersion = 1;
	classes = {
	};
	objectVersion = 46;
	objects = {

/* Begin PBXBuildFile section */
		0204C1C71801BCF8003D8A59 /* main.cpp in Sources */ = {isa = PBXBuildFile; fileRef = 0204C1C61801BCF8003D8A59 /* main.cpp */; };
		0204C1C91801C859003D8A59 /* CPPBench in CopyFiles */ = {isa = PBXBuildFile; fileRef = 0204C1B71801BCB4003D8A59 /* CPPBench */; };
/* End PBXBuildFile section */

/* Begin PBXCopyFilesBuildPhase section */
		0204C1B51801BCB4003D8A59 /* CopyFiles */ = {
			isa = PBXCopyFilesBuildPhase;
			buildActionMask = 12;
			dstPath = "$(SRCROOT)";
			dstSubfolderSpec = 0;
			files = (
				0204C1C91801C859003D8A59 /* CPPBench in CopyFiles */,
			);
			runOnlyForDeploymentPostprocessing = 0;
		};
/* End PBXCopyFilesBuildPhase section */

/* Begin PBXFileReference section */
		0204C1B71801BCB4003D8A59 /* CPPBench */ = {isa = PBXFileReference; explicitFileType = "compiled.mach-o.executable"; includeInIndex = 0; path = CPPBench; sourceTree = BUILT_PRODUCTS_DIR; };
		0204C1C41801BCDD003D8A59 /* call_bench.hpp */ = {isa = PBXFileReference; fileEncoding = 4; lastKnownFileType = sourcecode.cpp.h; path = call_bench.hpp; sourceTree = "<group>"; };
		0204C1C61801BCF8003D8A59 /* main.cpp */ = {isa = PBXFileReference; fileEncoding = 4; lastKnownFileType = sourcecode.cpp.cpp; path = main.cpp; sourceTree = "<group>"; };
		0204C1C81801BD36003D8A59 /* timer.hpp */ = {isa = PBXFileReference; lastKnownFileType = sourcecode.cpp.h; path = timer.hpp; sourceTree = "<group>"; };
/* End PBXFileReference section */

/* Begin PBXFrameworksBuildPhase section */
		0204C1B41801BCB4003D8A59 /* Frameworks */ = {
			isa = PBXFrameworksBuildPhase;
			buildActionMask = 2147483647;
			files = (
			);
			runOnlyForDeploymentPostprocessing = 0;
		};
/* End PBXFrameworksBuildPhase section */

/* Begin PBXGroup section */
		0204C1AE1801BCB3003D8A59 = {
			isa = PBXGroup;
			children = (
				0204C1C31801BCDD003D8A59 /* src */,
				0204C1B81801BCB4003D8A59 /* Products */,
			);
			sourceTree = "<group>";
		};
		0204C1B81801BCB4003D8A59 /* Products */ = {
			isa = PBXGroup;
			children = (
				0204C1B71801BCB4003D8A59 /* CPPBench */,
			);
			name = Products;
			sourceTree = "<group>";
		};
		0204C1C31801BCDD003D8A59 /* src */ = {
			isa = PBXGroup;
			children = (
				0204C1C81801BD36003D8A59 /* timer.hpp */,
				0204C1C41801BCDD003D8A59 /* call_bench.hpp */,
				0204C1C61801BCF8003D8A59 /* main.cpp */,
			);
			name = src;
			path = ../../src;
			sourceTree = "<group>";
		};
/* End PBXGroup section */

/* Begin PBXNativeTarget section */
		0204C1B61801BCB4003D8A59 /* CPPBench */ = {
			isa = PBXNativeTarget;
			buildConfigurationList = 0204C1C01801BCB4003D8A59 /* Build configuration list for PBXNativeTarget "CPPBench" */;
			buildPhases = (
				0204C1B31801BCB4003D8A59 /* Sources */,
				0204C1B41801BCB4003D8A59 /* Frameworks */,
				0204C1B51801BCB4003D8A59 /* CopyFiles */,
			);
			buildRules = (
			);
			dependencies = (
			);
			name = CPPBench;
			productName = CPPBench;
			productReference = 0204C1B71801BCB4003D8A59 /* CPPBench */;
			productType = "com.apple.product-type.tool";
		};
/* End PBXNativeTarget section */

/* Begin PBXProject section */
		0204C1AF1801BCB3003D8A59 /* Project object */ = {
			isa = PBXProject;
			attributes = {
				LastUpgradeCheck = 0500;
				ORGANIZATIONNAME = "Martin Jachimowicz";
			};
			buildConfigurationList = 0204C1B21801BCB3003D8A59 /* Build configuration list for PBXProject "CPPBench" */;
			compatibilityVersion = "Xcode 3.2";
			developmentRegion = English;
			hasScannedForEncodings = 0;
			knownRegions = (
				en,
			);
			mainGroup = 0204C1AE1801BCB3003D8A59;
			productRefGroup = 0204C1B81801BCB4003D8A59 /* Products */;
			projectDirPath = "";
			projectRoot = "";
			targets = (
				0204C1B61801BCB4003D8A59 /* CPPBench */,
			);
		};
/* End PBXProject section */

/* Begin PBXSourcesBuildPhase section */
		0204C1B31801BCB4003D8A59 /* Sources */ = {
			isa = PBXSourcesBuildPhase;
			buildActionMask = 2147483647;
			files = (
				0204C1C71801BCF8003D8A59 /* main.cpp in Sources */,
			);
			runOnlyForDeploymentPostprocessing = 0;
		};
/* End PBXSourcesBuildPhase section */

/* Begin XCBuildConfiguration section */
		0204C1BE1801BCB4003D8A59 /* Debug */ = {
			isa = XCBuildConfiguration;
			buildSettings = {
				ALWAYS_SEARCH_USER_PATHS = NO;
				CLANG_CXX_LANGUAGE_STANDARD = "gnu++0x";
				CLANG_CXX_LIBRARY = "libc++";
				CLANG_ENABLE_OBJC_ARC = YES;
				CLANG_WARN_BOOL_CONVERSION = YES;
				CLANG_WARN_CONSTANT_CONVERSION = YES;
				CLANG_WARN_DIRECT_OBJC_ISA_USAGE = YES_ERROR;
				CLANG_WARN_EMPTY_BODY = YES;
				CLANG_WARN_ENUM_CONVERSION = YES;
				CLANG_WARN_INT_CONVERSION = YES;
				CLANG_WARN_OBJC_ROOT_CLASS = YES_ERROR;
				CLANG_WARN__DUPLICATE_METHOD_MATCH = YES;
				COPY_PHASE_STRIP = NO;
				GCC_C_LANGUAGE_STANDARD = gnu99;
				GCC_DYNAMIC_NO_PIC = NO;
				GCC_ENABLE_OBJC_EXCEPTIONS = YES;
				GCC_OPTIMIZATION_LEVEL = 0;
				GCC_PREPROCESSOR_DEFINITIONS = (
					"DEBUG=1",
					"$(inherited)",
				);
				GCC_SYMBOLS_PRIVATE_EXTERN = NO;
				GCC_WARN_64_TO_32_BIT_CONVERSION = YES;
				GCC_WARN_ABOUT_RETURN_TYPE = YES_ERROR;
				GCC_WARN_UNDECLARED_SELECTOR = YES;
				GCC_WARN_UNINITIALIZED_AUTOS = YES;
				GCC_WARN_UNUSED_FUNCTION = YES;
				GCC_WARN_UNUSED_VARIABLE = YES;
				MACOSX_DEPLOYMENT_TARGET = 10.8;
				ONLY_ACTIVE_ARCH = YES;
				SDKROOT = macosx;
			};
			name = Debug;
		};
		0204C1BF1801BCB4003D8A59 /* Release */ = {
			isa = XCBuildConfiguration;
			buildSettings = {
				ALWAYS_SEARCH_USER_PATHS = NO;
				CLANG_CXX_LANGUAGE_STANDARD = "gnu++0x";
				CLANG_CXX_LIBRARY = "libc++";
				CLANG_ENABLE_OBJC_ARC = YES;
				CLANG_WARN_BOOL_CONVERSION = YES;
				CLANG_WARN_CONSTANT_CONVERSION = YES;
				CLANG_WARN_DIRECT_OBJC_ISA_USAGE = YES_ERROR;
				CLANG_WARN_EMPTY_BODY = YES;
				CLANG_WARN_ENUM_CONVERSION = YES;
				CLANG_WARN_INT_CONVERSION = YES;
				CLANG_WARN_OBJC_ROOT_CLASS = YES_ERROR;
				CLANG_WARN__DUPLICATE_METHOD_MATCH = YES;
				COPY_PHASE_STRIP = YES;
				DEBUG_INFORMATION_FORMAT = "dwarf-with-dsym";
				ENABLE_NS_ASSERTIONS = NO;
				GCC_C_LANGUAGE_STANDARD = gnu99;
				GCC_ENABLE_OBJC_EXCEPTIONS = YES;
				GCC_WARN_64_TO_32_BIT_CONVERSION = YES;
				GCC_WARN_ABOUT_RETURN_TYPE = YES_ERROR;
				GCC_WARN_UNDECLARED_SELECTOR = YES;
				GCC_WARN_UNINITIALIZED_AUTOS = YES;
				GCC_WARN_UNUSED_FUNCTION = YES;
				GCC_WARN_UNUSED_VARIABLE = YES;
				MACOSX_DEPLOYMENT_TARGET = 10.8;
				SDKROOT = macosx;
			};
			name = Release;
		};
		0204C1C11801BCB4003D8A59 /* Debug */ = {
			isa = XCBuildConfiguration;
			buildSettings = {
				PRODUCT_NAME = "$(TARGET_NAME)";
			};
			name = Debug;
		};
		0204C1C21801BCB4003D8A59 /* Release */ = {
			isa = XCBuildConfiguration;
			buildSettings = {
				PRODUCT_NAME = "$(TARGET_NAME)";
			};
			name = Release;
		};
/* End XCBuildConfiguration section */

/* Begin XCConfigurationList section */
		0204C1B21801BCB3003D8A59 /* Build configuration list for PBXProject "CPPBench" */ = {
			isa = XCConfigurationList;
			buildConfigurations = (
				0204C1BE1801BCB4003D8A59 /* Debug */,
				0204C1BF1801BCB4003D8A59 /* Release */,
			);
			defaultConfigurationIsVisible = 0;
			defaultConfigurationName = Release;
		};
		0204C1C01801BCB4003D8A59 /* Build configuration list for PBXNativeTarget "CPPBench" */ = {
			isa = XCConfigurationList;
			buildConfigurations = (
				0204C1C11801BCB4003D8A59 /* Debug */,
				0204C1C21801BCB4003D8A59 /* Release */,
			);
			defaultConfigurationIsVisible = 0;
			defaultConfigurationName = Release;
		};
/* End XCConfigurationList section */
	};
	rootObject = 0204C1AF1801BCB3003D8A59 /* Project object */;
}
